{
  "lockfileVersion": 1,
  "workspaces": {
    "": {
      "name": "hepop",
      "dependencies": {
        "@influxdata/influxdb3-client": "^1.0.0",
        "hep-js": "^1.0.20",
        "parsip": "^1.0.7",
      },
      "devDependencies": {
        "@types/bun": "latest",
      },
      "peerDependencies": {
        "typescript": "^5.0.0",
      },
    },
  },
  "packages": {
    "@grpc/grpc-js": ["@grpc/grpc-js@1.12.5", "", { "dependencies": { "@grpc/proto-loader": "^0.7.13", "@js-sdsl/ordered-map": "^4.4.2" } }, "sha512-d3iiHxdpg5+ZcJ6jnDSOT8Z0O0VMVGy34jAnYLUX8yd36b1qn8f1TwOA/Lc7TsOh03IkPJ38eGI5qD2EjNkoEA=="],

    "@grpc/proto-loader": ["@grpc/proto-loader@0.7.13", "", { "dependencies": { "lodash.camelcase": "^4.3.0", "long": "^5.0.0", "protobufjs": "^7.2.5", "yargs": "^17.7.2" }, "bin": { "proto-loader-gen-types": "build/bin/proto-loader-gen-types.js" } }, "sha512-AiXO/bfe9bmxBjxxtYxFAXGZvMaN5s8kO+jBHAJCON8rJoB5YS/D6X7ZNc6XQkuHNmyl4CYaMI1fJ/Gn27RGGw=="],

    "@influxdata/influxdb3-client": ["@influxdata/influxdb3-client@1.0.0", "", { "dependencies": { "@grpc/grpc-js": "^1.9.9", "@protobuf-ts/grpc-transport": "^2.9.1", "@protobuf-ts/grpcweb-transport": "^2.9.1", "@protobuf-ts/runtime-rpc": "^2.9.1", "apache-arrow": "^19.0.0", "grpc-web": "^1.5.0" } }, "sha512-W9ICxn3s0cKny/esSMm8HQHJXi2Wh+CTYMZdf15Wh3TaDdw4exNxqqp8u4erVBhAtcfb3Brm0M+DSKAXeWMGsQ=="],

    "@js-sdsl/ordered-map": ["@js-sdsl/ordered-map@4.4.2", "", {}, "sha512-iUKgm52T8HOE/makSxjqoWhe95ZJA1/G1sYsGev2JDKUSS14KAgg1LHb+Ba+IPow0xflbnSkOsZcO08C7w1gYw=="],

    "@protobuf-ts/grpc-transport": ["@protobuf-ts/grpc-transport@2.9.4", "", { "dependencies": { "@protobuf-ts/runtime": "^2.9.4", "@protobuf-ts/runtime-rpc": "^2.9.4" }, "peerDependencies": { "@grpc/grpc-js": "^1.6.0" } }, "sha512-CgjTR3utmkMkkThpfgtOz9tNR9ZARbNoQYL7TCKqFU2sgAX0LgzAkwOx+sfgtUsZn9J08+yvn307nNJdYocLRA=="],

    "@protobuf-ts/grpcweb-transport": ["@protobuf-ts/grpcweb-transport@2.9.4", "", { "dependencies": { "@protobuf-ts/runtime": "^2.9.4", "@protobuf-ts/runtime-rpc": "^2.9.4" } }, "sha512-6aQgwPTgX6FkqWqmNts3uk8T/C5coJoH7U87zgaZY/Wo2EVa9SId5bXTM8uo4WR+CN8j9W4c9ij1yG13Hc3xUw=="],

    "@protobuf-ts/runtime": ["@protobuf-ts/runtime@2.9.4", "", {}, "sha512-vHRFWtJJB/SiogWDF0ypoKfRIZ41Kq+G9cEFj6Qm1eQaAhJ1LDFvgZ7Ja4tb3iLOQhz0PaoPnnOijF1qmEqTxg=="],

    "@protobuf-ts/runtime-rpc": ["@protobuf-ts/runtime-rpc@2.9.4", "", { "dependencies": { "@protobuf-ts/runtime": "^2.9.4" } }, "sha512-y9L9JgnZxXFqH5vD4d7j9duWvIJ7AShyBRoNKJGhu9Q27qIbchfzli66H9RvrQNIFk5ER7z1Twe059WZGqERcA=="],

    "@protobufjs/aspromise": ["@protobufjs/aspromise@1.1.2", "", {}, "sha512-j+gKExEuLmKwvz3OgROXtrJ2UG2x8Ch2YZUxahh+s1F2HZ+wAceUNLkvy6zKCPVRkU++ZWQrdxsUeQXmcg4uoQ=="],

    "@protobufjs/base64": ["@protobufjs/base64@1.1.2", "", {}, "sha512-AZkcAA5vnN/v4PDqKyMR5lx7hZttPDgClv83E//FMNhR2TMcLUhfRUBHCmSl0oi9zMgDDqRUJkSxO3wm85+XLg=="],

    "@protobufjs/codegen": ["@protobufjs/codegen@2.0.4", "", {}, "sha512-YyFaikqM5sH0ziFZCN3xDC7zeGaB/d0IUb9CATugHWbd1FRFwWwt4ld4OYMPWu5a3Xe01mGAULCdqhMlPl29Jg=="],

    "@protobufjs/eventemitter": ["@protobufjs/eventemitter@1.1.0", "", {}, "sha512-j9ednRT81vYJ9OfVuXG6ERSTdEL1xVsNgqpkxMsbIabzSo3goCjDIveeGv5d03om39ML71RdmrGNjG5SReBP/Q=="],

    "@protobufjs/fetch": ["@protobufjs/fetch@1.1.0", "", { "dependencies": { "@protobufjs/aspromise": "^1.1.1", "@protobufjs/inquire": "^1.1.0" } }, "sha512-lljVXpqXebpsijW71PZaCYeIcE5on1w5DlQy5WH6GLbFryLUrBD4932W/E2BSpfRJWseIL4v/KPgBFxDOIdKpQ=="],

    "@protobufjs/float": ["@protobufjs/float@1.0.2", "", {}, "sha512-Ddb+kVXlXst9d+R9PfTIxh1EdNkgoRe5tOX6t01f1lYWOvJnSPDBlG241QLzcyPdoNTsblLUdujGSE4RzrTZGQ=="],

    "@protobufjs/inquire": ["@protobufjs/inquire@1.1.0", "", {}, "sha512-kdSefcPdruJiFMVSbn801t4vFK7KB/5gd2fYvrxhuJYg8ILrmn9SKSX2tZdV6V+ksulWqS7aXjBcRXl3wHoD9Q=="],

    "@protobufjs/path": ["@protobufjs/path@1.1.2", "", {}, "sha512-6JOcJ5Tm08dOHAbdR3GrvP+yUUfkjG5ePsHYczMFLq3ZmMkAD98cDgcT2iA1lJ9NVwFd4tH/iSSoe44YWkltEA=="],

    "@protobufjs/pool": ["@protobufjs/pool@1.1.0", "", {}, "sha512-0kELaGSIDBKvcgS4zkjz1PeddatrjYcmMWOlAuAPwAeccUrPHdUqo/J6LiymHHEiJT5NrF1UVwxY14f+fy4WQw=="],

    "@protobufjs/utf8": ["@protobufjs/utf8@1.1.0", "", {}, "sha512-Vvn3zZrhQZkkBE8LSuW3em98c0FwgO4nxzv6OdSxPKJIEKY2bGbHn+mhGIPerzI4twdxaP8/0+06HBpwf345Lw=="],

    "@swc/helpers": ["@swc/helpers@0.5.15", "", { "dependencies": { "tslib": "^2.8.0" } }, "sha512-JQ5TuMi45Owi4/BIMAJBoSQoOJu12oOk/gADqlcUL9JEdHB8vyjUSsxqeNXnmXHjYKMi2WcYtezGEEhqUI/E2g=="],

    "@types/bun": ["@types/bun@1.2.0", "", { "dependencies": { "bun-types": "1.2.0" } }, "sha512-5N1JqdahfpBlAv4wy6svEYcd/YfO2GNrbL95JOmFx8nkE6dbK4R0oSE5SpBA4vBRqgrOUAXF8Dpiz+gi7r80SA=="],

    "@types/command-line-args": ["@types/command-line-args@5.2.3", "", {}, "sha512-uv0aG6R0Y8WHZLTamZwtfsDLVRnOa+n+n5rEvFWL5Na5gZ8V2Teab/duDPFzIIIhs9qizDpcavCusCLJZu62Kw=="],

    "@types/command-line-usage": ["@types/command-line-usage@5.0.4", "", {}, "sha512-BwR5KP3Es/CSht0xqBcUXS3qCAUVXwpRKsV2+arxeb65atasuXG9LykC9Ab10Cw3s2raH92ZqOeILaQbsB2ACg=="],

    "@types/node": ["@types/node@22.10.10", "", { "dependencies": { "undici-types": "~6.20.0" } }, "sha512-X47y/mPNzxviAGY5TcYPtYL8JsY3kAq2n8fMmKoRCxq/c4v4pyGNCzM2R6+M5/umG4ZfHuT+sgqDYqWc9rJ6ww=="],

    "@types/ws": ["@types/ws@8.5.14", "", { "dependencies": { "@types/node": "*" } }, "sha512-bd/YFLW+URhBzMXurx7lWByOu+xzU9+kb3RboOteXYDfW+tr+JZa99OyNmPINEGB/ahzKrEuc8rcv4gnpJmxTw=="],

    "ansi-regex": ["ansi-regex@5.0.1", "", {}, "sha512-quJQXlTSUGL2LH9SUXo8VwsY4soanhgo6LNSm84E1LBcE8s3O0wpdiRzyR9z/ZZJMlMWv37qOOb9pdJlMUEKFQ=="],

    "ansi-styles": ["ansi-styles@4.3.0", "", { "dependencies": { "color-convert": "^2.0.1" } }, "sha512-zbB9rCJAT1rbjiVDb2hqKFHNYLxgtk8NURxZ3IZwD3F6NtxbXZQCnnSi1Lkx+IDohdPlFp222wVALIheZJQSEg=="],

    "apache-arrow": ["apache-arrow@19.0.0", "", { "dependencies": { "@swc/helpers": "^0.5.11", "@types/command-line-args": "^5.2.3", "@types/command-line-usage": "^5.0.4", "@types/node": "^20.13.0", "command-line-args": "^6.0.1", "command-line-usage": "^7.0.1", "flatbuffers": "^24.3.25", "json-bignum": "^0.0.3", "tslib": "^2.6.2" }, "bin": { "arrow2csv": "bin/arrow2csv.js" } }, "sha512-xifuq9x7tYriK64p7xwtpe9JFBxiQxs0OXBnKv36OwQmkjpNhZN7aKXFa0mV5vaOxf0uKHmjlnxUNw/2fl5FRw=="],

    "array-back": ["array-back@6.2.2", "", {}, "sha512-gUAZ7HPyb4SJczXAMUXMGAvI976JoK3qEx9v1FTmeYuJj0IBiaKttG1ydtGKdkfqWkIkouke7nG8ufGy77+Cvw=="],

    "binary-parser": ["binary-parser@1.9.2", "", { "dependencies": { "fast-text-encoding": "^1.0.3" } }, "sha512-aQvTapiRIV/x7bAaR2KT3Ptyjff4R8i1zxljgw/Je2kUt0babNPUdtuo7AKN4CWklyzPK4u5e99Z9/3Ib03u9w=="],

    "bun-types": ["bun-types@1.2.0", "", { "dependencies": { "@types/node": "*", "@types/ws": "~8.5.10" } }, "sha512-KEaJxyZfbV/c4eyG0vyehDpYmBGreNiQbZIqvVHJwZ4BmeuWlNZ7EAzMN2Zcd7ailmS/tGVW0BgYbGf+lGEpWw=="],

    "chalk": ["chalk@4.1.2", "", { "dependencies": { "ansi-styles": "^4.1.0", "supports-color": "^7.1.0" } }, "sha512-oKnbhFyRIXpUuez8iBMmyEa4nbj4IOQyuhc/wy9kY7/WVPcwIO9VA668Pu8RkO7+0G76SLROeyw9CpQ061i4mA=="],

    "chalk-template": ["chalk-template@0.4.0", "", { "dependencies": { "chalk": "^4.1.2" } }, "sha512-/ghrgmhfY8RaSdeo43hNXxpoHAtxdbskUHjPpfqUWGttFgycUhYPGx3YZBCnUCvOa7Doivn1IZec3DEGFoMgLg=="],

    "cliui": ["cliui@8.0.1", "", { "dependencies": { "string-width": "^4.2.0", "strip-ansi": "^6.0.1", "wrap-ansi": "^7.0.0" } }, "sha512-BSeNnyus75C4//NQ9gQt1/csTXyo/8Sb+afLAkzAptFuMsod9HFokGNudZpi/oQV73hnVK+sR+5PVRMd+Dr7YQ=="],

    "color-convert": ["color-convert@2.0.1", "", { "dependencies": { "color-name": "~1.1.4" } }, "sha512-RRECPsj7iu/xb5oKYcsFHSppFNnsj/52OVTRKb4zP5onXwVF3zVmmToNcOfGC+CRDpfK/U584fMg38ZHCaElKQ=="],

    "color-name": ["color-name@1.1.4", "", {}, "sha512-dOy+3AuW3a2wNbZHIuMZpTcgjGuLU/uBL/ubcZF9OXbDo8ff4O8yVp5Bf0efS8uEoYo5q4Fx7dY9OgQGXgAsQA=="],

    "command-line-args": ["command-line-args@6.0.1", "", { "dependencies": { "array-back": "^6.2.2", "find-replace": "^5.0.2", "lodash.camelcase": "^4.3.0", "typical": "^7.2.0" }, "peerDependencies": { "@75lb/nature": "latest" }, "optionalPeers": ["@75lb/nature"] }, "sha512-Jr3eByUjqyK0qd8W0SGFW1nZwqCaNCtbXjRo2cRJC1OYxWl3MZ5t1US3jq+cO4sPavqgw4l9BMGX0CBe+trepg=="],

    "command-line-usage": ["command-line-usage@7.0.3", "", { "dependencies": { "array-back": "^6.2.2", "chalk-template": "^0.4.0", "table-layout": "^4.1.0", "typical": "^7.1.1" } }, "sha512-PqMLy5+YGwhMh1wS04mVG44oqDsgyLRSKJBdOo1bnYhMKBW65gZF1dRp2OZRhiTjgUHljy99qkO7bsctLaw35Q=="],

    "debug": ["debug@4.4.0", "", { "dependencies": { "ms": "^2.1.3" } }, "sha512-6WTZ/IxCY/T6BALoZHaE4ctp9xm+Z5kY/pzYaCHRFeyVhojxlrm+46y68HA6hr0TcwEssoxNiDEUJQjfPZ/RYA=="],

    "emoji-regex": ["emoji-regex@8.0.0", "", {}, "sha512-MSjYzcWNOA0ewAHpz0MxpYFvwg6yjy1NG3xteoqz644VCo/RPgnr1/GGt+ic3iJTzQ8Eu3TdM14SawnVUmGE6A=="],

    "escalade": ["escalade@3.2.0", "", {}, "sha512-WUj2qlxaQtO4g6Pq5c29GTcWGDyd8itL8zTlipgECz3JesAiiOKotd8JU6otB3PACgG6xkJUyVhboMS+bje/jA=="],

    "fast-text-encoding": ["fast-text-encoding@1.0.6", "", {}, "sha512-VhXlQgj9ioXCqGstD37E/HBeqEGV/qOD/kmbVG8h5xKBYvM1L3lR1Zn4555cQ8GkYbJa8aJSipLPndE1k6zK2w=="],

    "find-replace": ["find-replace@5.0.2", "", { "peerDependencies": { "@75lb/nature": "latest" }, "optionalPeers": ["@75lb/nature"] }, "sha512-Y45BAiE3mz2QsrN2fb5QEtO4qb44NcS7en/0y9PEVsg351HsLeVclP8QPMH79Le9sH3rs5RSwJu99W0WPZO43Q=="],

    "flatbuffers": ["flatbuffers@24.12.23", "", {}, "sha512-dLVCAISd5mhls514keQzmEG6QHmUUsNuWsb4tFafIUwvvgDjXhtfAYSKOzt5SWOy+qByV5pbsDZ+Vb7HUOBEdA=="],

    "get-caller-file": ["get-caller-file@2.0.5", "", {}, "sha512-DyFP3BM/3YHTQOCUL/w0OZHR0lpKeGrxotcHWcqNEdnltqFwXVfhEBQ94eIo34AfQpo0rGki4cyIiftY06h2Fg=="],

    "grpc-web": ["grpc-web@1.5.0", "", {}, "sha512-y1tS3BBIoiVSzKTDF3Hm7E8hV2n7YY7pO0Uo7depfWJqKzWE+SKr0jvHNIJsJJYILQlpYShpi/DRJJMbosgDMQ=="],

    "has-flag": ["has-flag@4.0.0", "", {}, "sha512-EykJT/Q1KjTWctppgIAgfSO0tKVuZUjhgMr17kqTumMl6Afv3EISleU7qZUzoXDFTAHTDC4NOoG/ZxU3EvlMPQ=="],

    "hep-js": ["hep-js@1.0.20", "", { "dependencies": { "binary-parser": "^1.3.2", "mixin-deep": "^2.0.0" } }, "sha512-l7+rCGz9FiJUKm0u9Z6PUJdLsqPf/+Y8W2H83o36vUzOF2ok3Z8jZJW6hhwdi9uC+RTNt2tgbCSUOnQ/Ci3gCA=="],

    "is-fullwidth-code-point": ["is-fullwidth-code-point@3.0.0", "", {}, "sha512-zymm5+u+sCsSWyD9qNaejV3DFvhCKclKdizYaJUuHA83RLjb7nSuGnddCHGv0hk+KY7BMAlsWeK4Ueg6EV6XQg=="],

    "json-bignum": ["json-bignum@0.0.3", "", {}, "sha512-2WHyXj3OfHSgNyuzDbSxI1w2jgw5gkWSWhS7Qg4bWXx1nLk3jnbwfUeS0PSba3IzpTUWdHxBieELUzXRjQB2zg=="],

    "jwt-decode": ["jwt-decode@4.0.0", "", {}, "sha512-+KJGIyHgkGuIq3IEBNftfhW/LfWhXUIY6OmyVWjliu5KH1y0fw7VQ8YndE2O4qZdMSd9SqbnC8GOcZEy0Om7sA=="],

    "lodash.camelcase": ["lodash.camelcase@4.3.0", "", {}, "sha512-TwuEnCnxbc3rAvhf/LbG7tJUDzhqXyFnv3dtzLOPgCG/hODL7WFnsbwktkD7yUV0RrreP/l1PALq/YSg6VvjlA=="],

    "long": ["long@5.2.4", "", {}, "sha512-qtzLbJE8hq7VabR3mISmVGtoXP8KGc2Z/AT8OuqlYD7JTR3oqrgwdjnk07wpj1twXxYmgDXgoKVWUG/fReSzHg=="],

    "mixin-deep": ["mixin-deep@2.0.1", "", {}, "sha512-imbHQNRglyaplMmjBLL3V5R6Bfq5oM+ivds3SKgc6oRtzErEnBUUc5No11Z2pilkUvl42gJvi285xTNswcKCMA=="],

    "ms": ["ms@2.1.3", "", {}, "sha512-6FlzubTLZG3J2a/NVCAleEhjzq5oxgHyaCU9yYXvcLsvoVaHJq/s5xXI6/XXP6tz7R9xAOtHnSO/tXtF3WRTlA=="],

    "parsip": ["parsip@1.0.7", "", { "dependencies": { "debug": "^4.3.4", "jwt-decode": "^4.0.0", "sdp-transform": "^2.4.0" } }, "sha512-XFIQaFKVu1vMBYF36mQRn08Ns8RYW+D2NQZqqxDE5ju7CQp5OItmL+g4fxCHW57PV3uvPkck/9aX9A5IVZfIgg=="],

    "protobufjs": ["protobufjs@7.4.0", "", { "dependencies": { "@protobufjs/aspromise": "^1.1.2", "@protobufjs/base64": "^1.1.2", "@protobufjs/codegen": "^2.0.4", "@protobufjs/eventemitter": "^1.1.0", "@protobufjs/fetch": "^1.1.0", "@protobufjs/float": "^1.0.2", "@protobufjs/inquire": "^1.1.0", "@protobufjs/path": "^1.1.2", "@protobufjs/pool": "^1.1.0", "@protobufjs/utf8": "^1.1.0", "@types/node": ">=13.7.0", "long": "^5.0.0" } }, "sha512-mRUWCc3KUU4w1jU8sGxICXH/gNS94DvI1gxqDvBzhj1JpcsimQkYiOJfwsPUykUI5ZaspFbSgmBLER8IrQ3tqw=="],

    "require-directory": ["require-directory@2.1.1", "", {}, "sha512-fGxEI7+wsG9xrvdjsrlmL22OMTTiHRwAMroiEeMgq8gzoLC/PQr7RsRDSTLUg/bZAZtF+TVIkHc6/4RIKrui+Q=="],

    "sdp-transform": ["sdp-transform@2.15.0", "", { "bin": { "sdp-verify": "checker.js" } }, "sha512-KrOH82c/W+GYQ0LHqtr3caRpM3ITglq3ljGUIb8LTki7ByacJZ9z+piSGiwZDsRyhQbYBOBJgr2k6X4BZXi3Kw=="],

    "string-width": ["string-width@4.2.3", "", { "dependencies": { "emoji-regex": "^8.0.0", "is-fullwidth-code-point": "^3.0.0", "strip-ansi": "^6.0.1" } }, "sha512-wKyQRQpjJ0sIp62ErSZdGsjMJWsap5oRNihHhu6G7JVO/9jIB6UyevL+tXuOqrng8j/cxKTWyWUwvSTriiZz/g=="],

    "strip-ansi": ["strip-ansi@6.0.1", "", { "dependencies": { "ansi-regex": "^5.0.1" } }, "sha512-Y38VPSHcqkFrCpFnQ9vuSXmquuv5oXOKpGeT6aGrr3o3Gc9AlVa6JBfUSOCnbxGGZF+/0ooI7KrPuUSztUdU5A=="],

    "supports-color": ["supports-color@7.2.0", "", { "dependencies": { "has-flag": "^4.0.0" } }, "sha512-qpCAvRl9stuOHveKsn7HncJRvv501qIacKzQlO/+Lwxc9+0q2wLyv4Dfvt80/DPn2pqOBsJdDiogXGR9+OvwRw=="],

    "table-layout": ["table-layout@4.1.1", "", { "dependencies": { "array-back": "^6.2.2", "wordwrapjs": "^5.1.0" } }, "sha512-iK5/YhZxq5GO5z8wb0bY1317uDF3Zjpha0QFFLA8/trAoiLbQD0HUbMesEaxyzUgDxi2QlcbM8IvqOlEjgoXBA=="],

    "tslib": ["tslib@2.8.1", "", {}, "sha512-oJFu94HQb+KVduSUQL7wnpmqnfmLsOA/nAh6b6EH0wCEoK0/mPeXU6c3wKDV83MkOuHPRHtSXKKU99IBazS/2w=="],

    "typescript": ["typescript@5.7.3", "", { "bin": { "tsc": "bin/tsc", "tsserver": "bin/tsserver" } }, "sha512-84MVSjMEHP+FQRPy3pX9sTVV/INIex71s9TL2Gm5FG/WG1SqXeKyZ0k7/blY/4FdOzI12CBy1vGc4og/eus0fw=="],

    "typical": ["typical@7.3.0", "", {}, "sha512-ya4mg/30vm+DOWfBg4YK3j2WD6TWtRkCbasOJr40CseYENzCUby/7rIvXA99JGsQHeNxLbnXdyLLxKSv3tauFw=="],

    "undici-types": ["undici-types@6.20.0", "", {}, "sha512-Ny6QZ2Nju20vw1SRHe3d9jVu6gJ+4e3+MMpqu7pqE5HT6WsTSlce++GQmK5UXS8mzV8DSYHrQH+Xrf2jVcuKNg=="],

    "wordwrapjs": ["wordwrapjs@5.1.0", "", {}, "sha512-JNjcULU2e4KJwUNv6CHgI46UvDGitb6dGryHajXTDiLgg1/RiGoPSDw4kZfYnwGtEXf2ZMeIewDQgFGzkCB2Sg=="],

    "wrap-ansi": ["wrap-ansi@7.0.0", "", { "dependencies": { "ansi-styles": "^4.0.0", "string-width": "^4.1.0", "strip-ansi": "^6.0.0" } }, "sha512-YVGIj2kamLSTxw6NsZjoBxfSwsn0ycdesmc4p+Q21c5zPuZ1pl+NfxVdxPtdHvmNVOQ6XSYG4AUtyt/Fi7D16Q=="],

    "y18n": ["y18n@5.0.8", "", {}, "sha512-0pfFzegeDWJHJIAmTLRP2DwHjdF5s7jo9tuztdQxAhINCdvS+3nGINqPd00AphqJR/0LhANUS6/+7SCb98YOfA=="],

    "yargs": ["yargs@17.7.2", "", { "dependencies": { "cliui": "^8.0.1", "escalade": "^3.1.1", "get-caller-file": "^2.0.5", "require-directory": "^2.1.1", "string-width": "^4.2.3", "y18n": "^5.0.5", "yargs-parser": "^21.1.1" } }, "sha512-7dSzzRQ++CKnNI/krKnYRV7JKKPUXMEh61soaHKg9mrWEhzFWhFnxPxGl+69cD1Ou63C13NUPCnmIcrvqCuM6w=="],

    "yargs-parser": ["yargs-parser@21.1.1", "", {}, "sha512-tVpsJW7DdjecAiFpbIB1e3qxIQsE6NoPc5/eTdrbbIC4h0LVsWhnoa3g+m2HclBIujHzsxZ4VJVA+GUuc2/LBw=="],

    "apache-arrow/@types/node": ["@types/node@20.17.16", "", { "dependencies": { "undici-types": "~6.19.2" } }, "sha512-vOTpLduLkZXePLxHiHsBLp98mHGnl8RptV4YAO3HfKO5UHjDvySGbxKtpYfy8Sx5+WKcgc45qNreJJRVM3L6mw=="],

    "apache-arrow/@types/node/undici-types": ["undici-types@6.19.8", "", {}, "sha512-ve2KP6f/JnbPBFyobGHuerC9g1FYGn/F8n1LWTwNxCEzd6IfqTwUQcNXgEtmmQ6DlRrC1hrSrBnCZPokRrDHjw=="],
  }
}
